
Microsoft Visual Studio Solution File, Format Version 12.00
# Visual Studio Version 16
VisualStudioVersion = 16.0.31515.178
MinimumVisualStudioVersion = 10.0.40219.1
Project("{FAE04EC0-301F-11D3-BF4B-00C04F79EFBC}") = "electriccompanychargingmodel", "electriccompanychargingmodel\electriccompanychargingmodel.csproj", "{A698691A-581D-43BE-A14C-4631D6E99FBE}"
EndProject
Global
	GlobalSection(SolutionConfigurationPlatforms) = preSolution
		Debug|Any CPU = Debug|Any CPU
		Release|Any CPU = Release|Any CPU
	EndGlobalSection
	GlobalSection(ProjectConfigurationPlatforms) = postSolution
		{A698691A-581D-43BE-A14C-4631D6E99FBE}.Debug|Any CPU.ActiveCfg = Debug|Any CPU
		{A698691A-581D-43BE-A14C-4631D6E99FBE}.Debug|Any CPU.Build.0 = Debug|Any CPU
		{A698691A-581D-43BE-A14C-4631D6E99FBE}.Release|Any CPU.ActiveCfg = Release|Any CPU
		{A698691A-581D-43BE-A14C-4631D6E99FBE}.Release|Any CPU.Build.0 = Release|Any CPU
	EndGlobalSection
	GlobalSection(SolutionProperties) = preSolution
		HideSolutionNode = FALSE
	EndGlobalSection
	GlobalSection(ExtensibilityGlobals) = postSolution
		SolutionGuid = {00D87480-8FD5-4CEB-9AAA-9283E988A852}
	EndGlobalSection
EndGlobal
